// !$*UTF8*$!
{
	archiveVersion = 1;
	classes = {
	};
	objectVersion = 46;
	objects = {

/* Begin PBXBuildFile section */
		C916D29C1AC49A5900462E2D /* Foundation.framework in Frameworks */ = {isa = PBXBuildFile; fileRef = C916D29B1AC49A5900462E2D /* Foundation.framework */; };
		C916D29F1AC49A5900462E2D /* main.m in Sources */ = {isa = PBXBuildFile; fileRef = C916D29E1AC49A5900462E2D /* main.m */; };
		C916D2A31AC49A5900462E2D /* ParseWeatherShit.1 in CopyFiles */ = {isa = PBXBuildFile; fileRef = C916D2A21AC49A5900462E2D /* ParseWeatherShit.1 */; };
/* End PBXBuildFile section */

/* Begin PBXCopyFilesBuildPhase section */
		C916D2961AC49A5900462E2D /* CopyFiles */ = {
			isa = PBXCopyFilesBuildPhase;
			buildActionMask = 2147483647;
			dstPath = /usr/share/man/man1/;
			dstSubfolderSpec = 0;
			files = (
				C916D2A31AC49A5900462E2D /* ParseWeatherShit.1 in CopyFiles */,
			);
			runOnlyForDeploymentPostprocessing = 1;
		};
/* End PBXCopyFilesBuildPhase section */

/* Begin PBXFileReference section */
		C916D2981AC49A5900462E2D /* ParseWeatherShit */ = {isa = PBXFileReference; explicitFileType = "compiled.mach-o.executable"; includeInIndex = 0; path = ParseWeatherShit; sourceTree = BUILT_PRODUCTS_DIR; };
		C916D29B1AC49A5900462E2D /* Foundation.framework */ = {isa = PBXFileReference; lastKnownFileType = wrapper.framework; name = Foundation.framework; path = System/Library/Frameworks/Foundation.framework; sourceTree = SDKROOT; };
		C916D29E1AC49A5900462E2D /* main.m */ = {isa = PBXFileReference; lastKnownFileType = sourcecode.c.objc; path = main.m; sourceTree = "<group>"; };
		C916D2A11AC49A5900462E2D /* ParseWeatherShit-Prefix.pch */ = {isa = PBXFileReference; lastKnownFileType = sourcecode.c.h; path = "ParseWeatherShit-Prefix.pch"; sourceTree = "<group>"; };
		C916D2A21AC49A5900462E2D /* ParseWeatherShit.1 */ = {isa = PBXFileReference; lastKnownFileType = text.man; path = ParseWeatherShit.1; sourceTree = "<group>"; };
/* End PBXFileReference section */

/* Begin PBXFrameworksBuildPhase section */
		C916D2951AC49A5900462E2D /* Frameworks */ = {
			isa = PBXFrameworksBuildPhase;
			buildActionMask = 2147483647;
			files = (
				C916D29C1AC49A5900462E2D /* Foundation.framework in Frameworks */,
			);
			runOnlyForDeploymentPostprocessing = 0;
		};
/* End PBXFrameworksBuildPhase section */

/* Begin PBXGroup section */
		C916D28F1AC49A5900462E2D = {
			isa = PBXGroup;
			children = (
				C916D29D1AC49A5900462E2D /* ParseWeatherShit */,
				C916D29A1AC49A5900462E2D /* Frameworks */,
				C916D2991AC49A5900462E2D /* Products */,
			);
			sourceTree = "<group>";
		};
		C916D2991AC49A5900462E2D /* Products */ = {
			isa = PBXGroup;
			children = (
				C916D2981AC49A5900462E2D /* ParseWeatherShit */,
			);
			name = Products;
			sourceTree = "<group>";
		};
		C916D29A1AC49A5900462E2D /* Frameworks */ = {
			isa = PBXGroup;
			children = (
				C916D29B1AC49A5900462E2D /* Foundation.framework */,
			);
			name = Frameworks;
			sourceTree = "<group>";
		};
		C916D29D1AC49A5900462E2D /* ParseWeatherShit */ = {
			isa = PBXGroup;
			children = (
				C916D29E1AC49A5900462E2D /* main.m */,
				C916D2A21AC49A5900462E2D /* ParseWeatherShit.1 */,
				C916D2A01AC49A5900462E2D /* Supporting Files */,
			);
			path = ParseWeatherShit;
			sourceTree = "<group>";
		};
		C916D2A01AC49A5900462E2D /* Supporting Files */ = {
			isa = PBXGroup;
			children = (
				C916D2A11AC49A5900462E2D /* ParseWeatherShit-Prefix.pch */,
			);
			name = "Supporting Files";
			sourceTree = "<group>";
		};
/* End PBXGroup section */

/* Begin PBXNativeTarget section */
		C916D2971AC49A5900462E2D /* ParseWeatherShit */ = {
			isa = PBXNativeTarget;
			buildConfigurationList = C916D2A61AC49A5900462E2D /* Build configuration list for PBXNativeTarget "ParseWeatherShit" */;
			buildPhases = (
				C916D2941AC49A5900462E2D /* Sources */,
				C916D2951AC49A5900462E2D /* Frameworks */,
				C916D2961AC49A5900462E2D /* CopyFiles */,
			);
			buildRules = (
			);
			dependencies = (
			);
			name = ParseWeatherShit;
			productName = ParseWeatherShit;
			productReference = C916D2981AC49A5900462E2D /* ParseWeatherShit */;
			productType = "com.apple.product-type.tool";
		};
/* End PBXNativeTarget section */

/* Begin PBXProject section */
		C916D2901AC49A5900462E2D /* Project object */ = {
			isa = PBXProject;
			attributes = {
				LastUpgradeCheck = 0510;
				ORGANIZATIONNAME = "Matt Clarke";
			};
			buildConfigurationList = C916D2931AC49A5900462E2D /* Build configuration list for PBXProject "ParseWeatherShit" */;
			compatibilityVersion = "Xcode 3.2";
			developmentRegion = English;
			hasScannedForEncodings = 0;
			knownRegions = (
				en,
			);
			mainGroup = C916D28F1AC49A5900462E2D;
			productRefGroup = C916D2991AC49A5900462E2D /* Products */;
			projectDirPath = "";
			projectRoot = "";
			targets = (
				C916D2971AC49A5900462E2D /* ParseWeatherShit */,
			);
		};
/* End PBXProject section */

/* Begin PBXSourcesBuildPhase section */
		C916D2941AC49A5900462E2D /* Sources */ = {
			isa = PBXSourcesBuildPhase;
			buildActionMask = 2147483647;
			files = (
				C916D29F1AC49A5900462E2D /* main.m in Sources */,
			);
			runOnlyForDeploymentPostprocessing = 0;
		};
/* End PBXSourcesBuildPhase section */

/* Begin XCBuildConfiguration section */
		C916D2A41AC49A5900462E2D /* Debug */ = {
			isa = XCBuildConfiguration;
			buildSettings = {
				ALWAYS_SEARCH_USER_PATHS = NO;
				CLANG_CXX_LANGUAGE_STANDARD = "gnu++0x";
				CLANG_CXX_LIBRARY = "libc++";
				CLANG_ENABLE_MODULES = YES;
				CLANG_ENABLE_OBJC_ARC = YES;
				CLANG_WARN_BOOL_CONVERSION = YES;
				CLANG_WARN_CONSTANT_CONVERSION = YES;
				CLANG_WARN_DIRECT_OBJC_ISA_USAGE = YES_ERROR;
				CLANG_WARN_EMPTY_BODY = YES;
				CLANG_WARN_ENUM_CONVERSION = YES;
				CLANG_WARN_INT_CONVERSION = YES;
				CLANG_WARN_OBJC_ROOT_CLASS = YES_ERROR;
				CLANG_WARN__DUPLICATE_METHOD_MATCH = YES;
				COPY_PHASE_STRIP = NO;
				GCC_C_LANGUAGE_STANDARD = gnu99;
				GCC_DYNAMIC_NO_PIC = NO;
				GCC_ENABLE_OBJC_EXCEPTIONS = YES;
				GCC_OPTIMIZATION_LEVEL = 0;
				GCC_PREPROCESSOR_DEFINITIONS = (
					"DEBUG=1",
					"$(inherited)",
				);
				GCC_SYMBOLS_PRIVATE_EXTERN = NO;
				GCC_WARN_64_TO_32_BIT_CONVERSION = YES;
				GCC_WARN_ABOUT_RETURN_TYPE = YES_ERROR;
				GCC_WARN_UNDECLARED_SELECTOR = YES;
				GCC_WARN_UNINITIALIZED_AUTOS = YES_AGGRESSIVE;
				GCC_WARN_UNUSED_FUNCTION = YES;
				GCC_WARN_UNUSED_VARIABLE = YES;
				MACOSX_DEPLOYMENT_TARGET = 10.10;
				ONLY_ACTIVE_ARCH = YES;
				SDKROOT = macosx;
			};
			name = Debug;
		};
		C916D2A51AC49A5900462E2D /* Release */ = {
			isa = XCBuildConfiguration;
			buildSettings = {
				ALWAYS_SEARCH_USER_PATHS = NO;
				CLANG_CXX_LANGUAGE_STANDARD = "gnu++0x";
				CLANG_CXX_LIBRARY = "libc++";
				CLANG_ENABLE_MODULES = YES;
				CLANG_ENABLE_OBJC_ARC = YES;
				CLANG_WARN_BOOL_CONVERSION = YES;
				CLANG_WARN_CONSTANT_CONVERSION = YES;
				CLANG_WARN_DIRECT_OBJC_ISA_USAGE = YES_ERROR;
				CLANG_WARN_EMPTY_BODY = YES;
				CLANG_WARN_ENUM_CONVERSION = YES;
				CLANG_WARN_INT_CONVERSION = YES;
				CLANG_WARN_OBJC_ROOT_CLASS = YES_ERROR;
				CLANG_WARN__DUPLICATE_METHOD_MATCH = YES;
				COPY_PHASE_STRIP = YES;
				DEBUG_INFORMATION_FORMAT = "dwarf-with-dsym";
				ENABLE_NS_ASSERTIONS = NO;
				GCC_C_LANGUAGE_STANDARD = gnu99;
				GCC_ENABLE_OBJC_EXCEPTIONS = YES;
				GCC_WARN_64_TO_32_BIT_CONVERSION = YES;
				GCC_WARN_ABOUT_RETURN_TYPE = YES_ERROR;
				GCC_WARN_UNDECLARED_SELECTOR = YES;
				GCC_WARN_UNINITIALIZED_AUTOS = YES_AGGRESSIVE;
				GCC_WARN_UNUSED_FUNCTION = YES;
				GCC_WARN_UNUSED_VARIABLE = YES;
				MACOSX_DEPLOYMENT_TARGET = 10.10;
				SDKROOT = macosx;
			};
			name = Release;
		};
		C916D2A71AC49A5900462E2D /* Debug */ = {
			isa = XCBuildConfiguration;
			buildSettings = {
				GCC_PRECOMPILE_PREFIX_HEADER = YES;
				GCC_PREFIX_HEADER = "ParseWeatherShit/ParseWeatherShit-Prefix.pch";
				PRODUCT_NAME = "$(TARGET_NAME)";
			};
			name = Debug;
		};
		C916D2A81AC49A5900462E2D /* Release */ = {
			isa = XCBuildConfiguration;
			buildSettings = {
				GCC_PRECOMPILE_PREFIX_HEADER = YES;
				GCC_PREFIX_HEADER = "ParseWeatherShit/ParseWeatherShit-Prefix.pch";
				PRODUCT_NAME = "$(TARGET_NAME)";
			};
			name = Release;
		};
/* End XCBuildConfiguration section */

/* Begin XCConfigurationList section */
		C916D2931AC49A5900462E2D /* Build configuration list for PBXProject "ParseWeatherShit" */ = {
			isa = XCConfigurationList;
			buildConfigurations = (
				C916D2A41AC49A5900462E2D /* Debug */,
				C916D2A51AC49A5900462E2D /* Release */,
			);
			defaultConfigurationIsVisible = 0;
			defaultConfigurationName = Release;
		};
		C916D2A61AC49A5900462E2D /* Build configuration list for PBXNativeTarget "ParseWeatherShit" */ = {
			isa = XCConfigurationList;
			buildConfigurations = (
				C916D2A71AC49A5900462E2D /* Debug */,
				C916D2A81AC49A5900462E2D /* Release */,
			);
			defaultConfigurationIsVisible = 0;
		};
/* End XCConfigurationList section */
	};
	rootObject = C916D2901AC49A5900462E2D /* Project object */;
}
