// !$*UTF8*$!
{
	archiveVersion = 1;
	classes = {
	};
	objectVersion = 46;
	objects = {

/* Begin PBXBuildFile section */
		124B6B901B7942E200702AAC /* Foundation.framework in Frameworks */ = {isa = PBXBuildFile; fileRef = 124B6B8F1B7942E200702AAC /* Foundation.framework */; };
		124B6B921B7942E200702AAC /* UIKit.framework in Frameworks */ = {isa = PBXBuildFile; fileRef = 124B6B911B7942E200702AAC /* UIKit.framework */; };
		124B6B9C1B7942E200702AAC /* stocksContentView.h in Headers */ = {isa = PBXBuildFile; fileRef = 124B6B9B1B7942E200702AAC /* stocksContentView.h */; };
		124B6B9E1B7942E200702AAC /* stocksContentView.m in Sources */ = {isa = PBXBuildFile; fileRef = 124B6B9D1B7942E200702AAC /* stocksContentView.m */; };
		124B6BA01B7942E200702AAC /* stocksWidgetViewController.h in Headers */ = {isa = PBXBuildFile; fileRef = 124B6B9F1B7942E200702AAC /* stocksWidgetViewController.h */; };
		124B6BA21B7942E200702AAC /* stocksWidgetViewController.m in Sources */ = {isa = PBXBuildFile; fileRef = 124B6BA11B7942E200702AAC /* stocksWidgetViewController.m */; };
		124B6BAE1B7942E200702AAC /* IBKWidgetDelegate.h in Headers */ = {isa = PBXBuildFile; fileRef = 124B6BAD1B7942E200702AAC /* IBKWidgetDelegate.h */; };
		124B6BB91B79448100702AAC /* IBKTableView.h in Headers */ = {isa = PBXBuildFile; fileRef = 124B6BB51B79448100702AAC /* IBKTableView.h */; };
		124B6BBA1B79448100702AAC /* IBKTableView.m in Sources */ = {isa = PBXBuildFile; fileRef = 124B6BB61B79448100702AAC /* IBKTableView.m */; };
		124B6BBB1B79448100702AAC /* IBKTableViewCell.h in Headers */ = {isa = PBXBuildFile; fileRef = 124B6BB71B79448100702AAC /* IBKTableViewCell.h */; };
		124B6BBC1B79448100702AAC /* IBKTableViewCell.m in Sources */ = {isa = PBXBuildFile; fileRef = 124B6BB81B79448100702AAC /* IBKTableViewCell.m */; };
		124B6BBE1B79482E00702AAC /* Stocks.framework in Frameworks */ = {isa = PBXBuildFile; fileRef = 124B6BBD1B79482E00702AAC /* Stocks.framework */; };
		124B6BC31B794FBE00702AAC /* IBKLabel.h in Headers */ = {isa = PBXBuildFile; fileRef = 124B6BBF1B794FBE00702AAC /* IBKLabel.h */; };
		124B6BC41B794FBE00702AAC /* IBKLabel.m in Sources */ = {isa = PBXBuildFile; fileRef = 124B6BC01B794FBE00702AAC /* IBKLabel.m */; };
		124B6BC51B794FBE00702AAC /* IBKMarqueeLabel.h in Headers */ = {isa = PBXBuildFile; fileRef = 124B6BC11B794FBE00702AAC /* IBKMarqueeLabel.h */; };
		124B6BC61B794FBE00702AAC /* IBKMarqueeLabel.m in Sources */ = {isa = PBXBuildFile; fileRef = 124B6BC21B794FBE00702AAC /* IBKMarqueeLabel.m */; };
		129FC2951B7951CB001C5792 /* CoreGraphics.framework in Frameworks */ = {isa = PBXBuildFile; fileRef = 129FC2941B7951CB001C5792 /* CoreGraphics.framework */; };
		129FC2971B7951DB001C5792 /* QuartzCore.framework in Frameworks */ = {isa = PBXBuildFile; fileRef = 129FC2961B7951DB001C5792 /* QuartzCore.framework */; };
/* End PBXBuildFile section */

/* Begin PBXFileReference section */
		124B6B8C1B7942E200702AAC /* stocks */ = {isa = PBXFileReference; explicitFileType = "compiled.mach-o.dylib"; includeInIndex = 0; path = stocks; sourceTree = BUILT_PRODUCTS_DIR; };
		124B6B8F1B7942E200702AAC /* Foundation.framework */ = {isa = PBXFileReference; lastKnownFileType = wrapper.framework; name = Foundation.framework; path = System/Library/Frameworks/Foundation.framework; sourceTree = SDKROOT; };
		124B6B911B7942E200702AAC /* UIKit.framework */ = {isa = PBXFileReference; lastKnownFileType = wrapper.framework; name = UIKit.framework; path = System/Library/Frameworks/UIKit.framework; sourceTree = SDKROOT; };
		124B6B961B7942E200702AAC /* control.txt */ = {isa = PBXFileReference; lastKnownFileType = text; name = control.txt; path = Package/DEBIAN/control.txt; sourceTree = "<group>"; };
		124B6B971B7942E200702AAC /* control */ = {isa = PBXFileReference; lastKnownFileType = text; name = control; path = Package/DEBIAN/control; sourceTree = "<group>"; };
		124B6B991B7942E200702AAC /* PackageVersion.plist */ = {isa = PBXFileReference; lastKnownFileType = text.plist.xml; path = PackageVersion.plist; sourceTree = "<group>"; };
		124B6B9A1B7942E200702AAC /* stocks-Prefix.pch */ = {isa = PBXFileReference; lastKnownFileType = sourcecode.c.h; path = "stocks-Prefix.pch"; sourceTree = "<group>"; };
		124B6B9B1B7942E200702AAC /* stocksContentView.h */ = {isa = PBXFileReference; lastKnownFileType = sourcecode.c.h; path = stocksContentView.h; sourceTree = "<group>"; };
		124B6B9D1B7942E200702AAC /* stocksContentView.m */ = {isa = PBXFileReference; lastKnownFileType = sourcecode.c.objc; path = stocksContentView.m; sourceTree = "<group>"; };
		124B6B9F1B7942E200702AAC /* stocksWidgetViewController.h */ = {isa = PBXFileReference; lastKnownFileType = sourcecode.c.h; path = stocksWidgetViewController.h; sourceTree = "<group>"; };
		124B6BA11B7942E200702AAC /* stocksWidgetViewController.m */ = {isa = PBXFileReference; lastKnownFileType = sourcecode.c.objc; path = stocksWidgetViewController.m; sourceTree = "<group>"; };
		124B6BA91B7942E200702AAC /* Info.plist */ = {isa = PBXFileReference; lastKnownFileType = text.plist.xml; name = Info.plist; path = Package/var/mobile/Library/Curago/Widgets/com.apple.stocks/Info.plist; sourceTree = "<group>"; };
		124B6BAA1B7942E200702AAC /* InfoPlist.strings */ = {isa = PBXFileReference; lastKnownFileType = text.plist.strings; name = InfoPlist.strings; path = Package/var/mobile/Library/Curago/Widgets/com.apple.stocks/InfoPlist.strings; sourceTree = "<group>"; };
		124B6BAD1B7942E200702AAC /* IBKWidgetDelegate.h */ = {isa = PBXFileReference; lastKnownFileType = sourcecode.c.h; path = IBKWidgetDelegate.h; sourceTree = "<group>"; };
		124B6BB51B79448100702AAC /* IBKTableView.h */ = {isa = PBXFileReference; fileEncoding = 4; lastKnownFileType = sourcecode.c.h; path = IBKTableView.h; sourceTree = "<group>"; };
		124B6BB61B79448100702AAC /* IBKTableView.m */ = {isa = PBXFileReference; fileEncoding = 4; lastKnownFileType = sourcecode.c.objc; path = IBKTableView.m; sourceTree = "<group>"; };
		124B6BB71B79448100702AAC /* IBKTableViewCell.h */ = {isa = PBXFileReference; fileEncoding = 4; lastKnownFileType = sourcecode.c.h; path = IBKTableViewCell.h; sourceTree = "<group>"; };
		124B6BB81B79448100702AAC /* IBKTableViewCell.m */ = {isa = PBXFileReference; fileEncoding = 4; lastKnownFileType = sourcecode.c.objc; path = IBKTableViewCell.m; sourceTree = "<group>"; xcLanguageSpecificationIdentifier = xcode.lang.objcpp; };
		124B6BBD1B79482E00702AAC /* Stocks.framework */ = {isa = PBXFileReference; lastKnownFileType = wrapper.framework; name = Stocks.framework; path = Platforms/iPhoneOS.platform/Developer/SDKs/iPhoneOS.sdk/System/Library/PrivateFrameworks/Stocks.framework; sourceTree = DEVELOPER_DIR; };
		124B6BBF1B794FBE00702AAC /* IBKLabel.h */ = {isa = PBXFileReference; fileEncoding = 4; lastKnownFileType = sourcecode.c.h; path = IBKLabel.h; sourceTree = "<group>"; };
		124B6BC01B794FBE00702AAC /* IBKLabel.m */ = {isa = PBXFileReference; fileEncoding = 4; lastKnownFileType = sourcecode.c.objc; path = IBKLabel.m; sourceTree = "<group>"; };
		124B6BC11B794FBE00702AAC /* IBKMarqueeLabel.h */ = {isa = PBXFileReference; fileEncoding = 4; lastKnownFileType = sourcecode.c.h; path = IBKMarqueeLabel.h; sourceTree = "<group>"; };
		124B6BC21B794FBE00702AAC /* IBKMarqueeLabel.m */ = {isa = PBXFileReference; fileEncoding = 4; lastKnownFileType = sourcecode.c.objc; path = IBKMarqueeLabel.m; sourceTree = "<group>"; };
		129FC2941B7951CB001C5792 /* CoreGraphics.framework */ = {isa = PBXFileReference; lastKnownFileType = wrapper.framework; name = CoreGraphics.framework; path = System/Library/Frameworks/CoreGraphics.framework; sourceTree = SDKROOT; };
		129FC2961B7951DB001C5792 /* QuartzCore.framework */ = {isa = PBXFileReference; lastKnownFileType = wrapper.framework; name = QuartzCore.framework; path = System/Library/Frameworks/QuartzCore.framework; sourceTree = SDKROOT; };
		12B629051B7BDCC000AE4DE6 /* Icon.png */ = {isa = PBXFileReference; lastKnownFileType = image.png; name = Icon.png; path = Package/var/mobile/Library/Curago/Widgets/com.apple.stocks/Icon.png; sourceTree = "<group>"; };
		12B629061B7BDCC000AE4DE6 /* Icon@2x.png */ = {isa = PBXFileReference; lastKnownFileType = image.png; name = "Icon@2x.png"; path = "Package/var/mobile/Library/Curago/Widgets/com.apple.stocks/Icon@2x.png"; sourceTree = "<group>"; };
		12B629071B7BDCC000AE4DE6 /* Icon@3x.png */ = {isa = PBXFileReference; lastKnownFileType = image.png; name = "Icon@3x.png"; path = "Package/var/mobile/Library/Curago/Widgets/com.apple.stocks/Icon@3x.png"; sourceTree = "<group>"; };
/* End PBXFileReference section */

/* Begin PBXFrameworksBuildPhase section */
		124B6B881B7942E200702AAC /* Frameworks */ = {
			isa = PBXFrameworksBuildPhase;
			buildActionMask = 2147483647;
			files = (
				129FC2971B7951DB001C5792 /* QuartzCore.framework in Frameworks */,
				129FC2951B7951CB001C5792 /* CoreGraphics.framework in Frameworks */,
				124B6BBE1B79482E00702AAC /* Stocks.framework in Frameworks */,
				124B6B901B7942E200702AAC /* Foundation.framework in Frameworks */,
				124B6B921B7942E200702AAC /* UIKit.framework in Frameworks */,
			);
			runOnlyForDeploymentPostprocessing = 0;
		};
/* End PBXFrameworksBuildPhase section */

/* Begin PBXGroup section */
		124B6B821B7942E200702AAC = {
			isa = PBXGroup;
			children = (
				124B6B931B7942E200702AAC /* stocks */,
				124B6B8E1B7942E200702AAC /* Frameworks */,
				124B6B8D1B7942E200702AAC /* Products */,
			);
			sourceTree = "<group>";
		};
		124B6B8D1B7942E200702AAC /* Products */ = {
			isa = PBXGroup;
			children = (
				124B6B8C1B7942E200702AAC /* stocks */,
			);
			name = Products;
			sourceTree = "<group>";
		};
		124B6B8E1B7942E200702AAC /* Frameworks */ = {
			isa = PBXGroup;
			children = (
				129FC2961B7951DB001C5792 /* QuartzCore.framework */,
				129FC2941B7951CB001C5792 /* CoreGraphics.framework */,
				124B6BBD1B79482E00702AAC /* Stocks.framework */,
				124B6B8F1B7942E200702AAC /* Foundation.framework */,
				124B6B911B7942E200702AAC /* UIKit.framework */,
			);
			name = Frameworks;
			sourceTree = "<group>";
		};
		124B6B931B7942E200702AAC /* stocks */ = {
			isa = PBXGroup;
			children = (
				124B6BB41B79448100702AAC /* IBKTableView */,
				124B6B9B1B7942E200702AAC /* stocksContentView.h */,
				124B6B9D1B7942E200702AAC /* stocksContentView.m */,
				124B6B9F1B7942E200702AAC /* stocksWidgetViewController.h */,
				124B6BA11B7942E200702AAC /* stocksWidgetViewController.m */,
				124B6BAD1B7942E200702AAC /* IBKWidgetDelegate.h */,
				124B6B941B7942E200702AAC /* Package */,
				124B6B981B7942E200702AAC /* Supporting Files */,
			);
			path = stocks;
			sourceTree = "<group>";
		};
		124B6B941B7942E200702AAC /* Package */ = {
			isa = PBXGroup;
			children = (
				124B6B951B7942E200702AAC /* DEBIAN */,
				124B6BA31B7942E200702AAC /* var */,
			);
			name = Package;
			sourceTree = "<group>";
		};
		124B6B951B7942E200702AAC /* DEBIAN */ = {
			isa = PBXGroup;
			children = (
				124B6B961B7942E200702AAC /* control.txt */,
				124B6B971B7942E200702AAC /* control */,
			);
			name = DEBIAN;
			sourceTree = "<group>";
		};
		124B6B981B7942E200702AAC /* Supporting Files */ = {
			isa = PBXGroup;
			children = (
				124B6B991B7942E200702AAC /* PackageVersion.plist */,
				124B6B9A1B7942E200702AAC /* stocks-Prefix.pch */,
			);
			name = "Supporting Files";
			sourceTree = "<group>";
		};
		124B6BA31B7942E200702AAC /* var */ = {
			isa = PBXGroup;
			children = (
				124B6BA41B7942E200702AAC /* mobile */,
			);
			name = var;
			sourceTree = "<group>";
		};
		124B6BA41B7942E200702AAC /* mobile */ = {
			isa = PBXGroup;
			children = (
				124B6BA51B7942E200702AAC /* Library */,
			);
			name = mobile;
			sourceTree = "<group>";
		};
		124B6BA51B7942E200702AAC /* Library */ = {
			isa = PBXGroup;
			children = (
				124B6BA61B7942E200702AAC /* Curago */,
			);
			name = Library;
			sourceTree = "<group>";
		};
		124B6BA61B7942E200702AAC /* Curago */ = {
			isa = PBXGroup;
			children = (
				124B6BA71B7942E200702AAC /* Widgets */,
			);
			name = Curago;
			sourceTree = "<group>";
		};
		124B6BA71B7942E200702AAC /* Widgets */ = {
			isa = PBXGroup;
			children = (
				124B6BA81B7942E200702AAC /* ___VARIABLE_bundleIdentifierPrefix:bundleIdentifier___.___VARIABLE_productName:RFC1034Identifier___ */,
			);
			name = Widgets;
			sourceTree = "<group>";
		};
		124B6BA81B7942E200702AAC /* ___VARIABLE_bundleIdentifierPrefix:bundleIdentifier___.___VARIABLE_productName:RFC1034Identifier___ */ = {
			isa = PBXGroup;
			children = (
				12B629051B7BDCC000AE4DE6 /* Icon.png */,
				12B629061B7BDCC000AE4DE6 /* Icon@2x.png */,
				12B629071B7BDCC000AE4DE6 /* Icon@3x.png */,
				124B6BA91B7942E200702AAC /* Info.plist */,
				124B6BAA1B7942E200702AAC /* InfoPlist.strings */,
			);
			name = "___VARIABLE_bundleIdentifierPrefix:bundleIdentifier___.___VARIABLE_productName:RFC1034Identifier___";
			sourceTree = "<group>";
		};
		124B6BB41B79448100702AAC /* IBKTableView */ = {
			isa = PBXGroup;
			children = (
				124B6BBF1B794FBE00702AAC /* IBKLabel.h */,
				124B6BC01B794FBE00702AAC /* IBKLabel.m */,
				124B6BC11B794FBE00702AAC /* IBKMarqueeLabel.h */,
				124B6BC21B794FBE00702AAC /* IBKMarqueeLabel.m */,
				124B6BB51B79448100702AAC /* IBKTableView.h */,
				124B6BB61B79448100702AAC /* IBKTableView.m */,
				124B6BB71B79448100702AAC /* IBKTableViewCell.h */,
				124B6BB81B79448100702AAC /* IBKTableViewCell.m */,
			);
			path = IBKTableView;
			sourceTree = "<group>";
		};
/* End PBXGroup section */

/* Begin PBXHeadersBuildPhase section */
		124B6B891B7942E200702AAC /* Headers */ = {
			isa = PBXHeadersBuildPhase;
			buildActionMask = 2147483647;
			files = (
				124B6BBB1B79448100702AAC /* IBKTableViewCell.h in Headers */,
				124B6BA01B7942E200702AAC /* stocksWidgetViewController.h in Headers */,
				124B6BC51B794FBE00702AAC /* IBKMarqueeLabel.h in Headers */,
				124B6BC31B794FBE00702AAC /* IBKLabel.h in Headers */,
				124B6BB91B79448100702AAC /* IBKTableView.h in Headers */,
				124B6B9C1B7942E200702AAC /* stocksContentView.h in Headers */,
				124B6BAE1B7942E200702AAC /* IBKWidgetDelegate.h in Headers */,
			);
			runOnlyForDeploymentPostprocessing = 0;
		};
/* End PBXHeadersBuildPhase section */

/* Begin PBXNativeTarget section */
		124B6B8B1B7942E200702AAC /* stocks */ = {
			isa = PBXNativeTarget;
			buildConfigurationList = 124B6BB11B7942E200702AAC /* Build configuration list for PBXNativeTarget "stocks" */;
			buildPhases = (
				124B6B871B7942E200702AAC /* Sources */,
				124B6B881B7942E200702AAC /* Frameworks */,
				124B6B891B7942E200702AAC /* Headers */,
				124B6B8A1B7942E200702AAC /* ShellScript */,
			);
			buildRules = (
			);
			dependencies = (
			);
			name = stocks;
			productName = stocks;
			productReference = 124B6B8C1B7942E200702AAC /* stocks */;
			productType = "com.apple.product-type.library.dynamic";
		};
/* End PBXNativeTarget section */

/* Begin PBXProject section */
		124B6B831B7942E200702AAC /* Project object */ = {
			isa = PBXProject;
			attributes = {
				LastUpgradeCheck = 0640;
				TargetAttributes = {
					124B6B8B1B7942E200702AAC = {
						CreatedOnToolsVersion = 6.4;
					};
				};
			};
			buildConfigurationList = 124B6B861B7942E200702AAC /* Build configuration list for PBXProject "stocks" */;
			compatibilityVersion = "Xcode 3.2";
			developmentRegion = English;
			hasScannedForEncodings = 0;
			knownRegions = (
				en,
			);
			mainGroup = 124B6B821B7942E200702AAC;
			productRefGroup = 124B6B8D1B7942E200702AAC /* Products */;
			projectDirPath = "";
			projectRoot = "";
			targets = (
				124B6B8B1B7942E200702AAC /* stocks */,
			);
		};
/* End PBXProject section */

/* Begin PBXShellScriptBuildPhase section */
		124B6B8A1B7942E200702AAC /* ShellScript */ = {
			isa = PBXShellScriptBuildPhase;
			buildActionMask = 2147483647;
			files = (
			);
			inputPaths = (
			);
			outputPaths = (
			);
			runOnlyForDeploymentPostprocessing = 0;
			shellPath = /bin/sh;
			shellScript = "/opt/iOSOpenDev/bin/iosod --xcbp";
		};
/* End PBXShellScriptBuildPhase section */

/* Begin PBXSourcesBuildPhase section */
		124B6B871B7942E200702AAC /* Sources */ = {
			isa = PBXSourcesBuildPhase;
			buildActionMask = 2147483647;
			files = (
				124B6BC61B794FBE00702AAC /* IBKMarqueeLabel.m in Sources */,
				124B6BC41B794FBE00702AAC /* IBKLabel.m in Sources */,
				124B6B9E1B7942E200702AAC /* stocksContentView.m in Sources */,
				124B6BBA1B79448100702AAC /* IBKTableView.m in Sources */,
				124B6BBC1B79448100702AAC /* IBKTableViewCell.m in Sources */,
				124B6BA21B7942E200702AAC /* stocksWidgetViewController.m in Sources */,
			);
			runOnlyForDeploymentPostprocessing = 0;
		};
/* End PBXSourcesBuildPhase section */

/* Begin XCBuildConfiguration section */
		124B6BAF1B7942E200702AAC /* Debug */ = {
			isa = XCBuildConfiguration;
			buildSettings = {
				CLANG_ENABLE_OBJC_ARC = YES;
				COPY_PHASE_STRIP = NO;
				EXCLUDED_RECURSIVE_SEARCH_PATH_SUBDIRECTORIES = "*.nib *.lproj *.gch (*) .DS_Store CVS .svn .git .hg *.xcodeproj *.xcode *.pbproj *.pbxproj";
				FRAMEWORK_SEARCH_PATHS = (
					"$(iOSOpenDevPath)/frameworks/**",
					"$(SDKROOT)/System/Library/PrivateFrameworks",
				);
				GCC_C_LANGUAGE_STANDARD = gnu99;
				GCC_DYNAMIC_NO_PIC = NO;
				GCC_OPTIMIZATION_LEVEL = 0;
				GCC_PREPROCESSOR_DEFINITIONS = (
					"DEBUG=1",
					"$(inherited)",
				);
				GCC_SYMBOLS_PRIVATE_EXTERN = NO;
				GCC_WARN_ABOUT_MISSING_PROTOTYPES = YES;
				GCC_WARN_ABOUT_RETURN_TYPE = YES;
				GCC_WARN_UNUSED_VARIABLE = YES;
				HEADER_SEARCH_PATHS = "$(iOSOpenDevPath)/include/**";
				IPHONEOS_DEPLOYMENT_TARGET = 8.4;
				LIBRARY_SEARCH_PATHS = "$(iOSOpenDevPath)/lib/**";
				SDKROOT = iphoneos;
				TARGETED_DEVICE_FAMILY = "1,2";
				VALIDATE_PRODUCT = NO;
				iOSOpenDevPath = /opt/iOSOpenDev;
			};
			name = Debug;
		};
		124B6BB01B7942E200702AAC /* Release */ = {
			isa = XCBuildConfiguration;
			buildSettings = {
				CLANG_ENABLE_OBJC_ARC = YES;
				COPY_PHASE_STRIP = YES;
				EXCLUDED_RECURSIVE_SEARCH_PATH_SUBDIRECTORIES = "*.nib *.lproj *.gch (*) .DS_Store CVS .svn .git .hg *.xcodeproj *.xcode *.pbproj *.pbxproj";
				FRAMEWORK_SEARCH_PATHS = (
					"$(iOSOpenDevPath)/frameworks/**",
					"$(SDKROOT)/System/Library/PrivateFrameworks",
				);
				GCC_C_LANGUAGE_STANDARD = gnu99;
				GCC_WARN_ABOUT_MISSING_PROTOTYPES = YES;
				GCC_WARN_ABOUT_RETURN_TYPE = YES;
				GCC_WARN_UNUSED_VARIABLE = YES;
				HEADER_SEARCH_PATHS = "$(iOSOpenDevPath)/include/**";
				IPHONEOS_DEPLOYMENT_TARGET = 8.4;
				LIBRARY_SEARCH_PATHS = "$(iOSOpenDevPath)/lib/**";
				SDKROOT = iphoneos;
				TARGETED_DEVICE_FAMILY = "1,2";
				VALIDATE_PRODUCT = YES;
				iOSOpenDevPath = /opt/iOSOpenDev;
			};
			name = Release;
		};
		124B6BB21B7942E200702AAC /* Debug */ = {
			isa = XCBuildConfiguration;
			buildSettings = {
				CODE_SIGN_IDENTITY = "";
				DYLIB_COMPATIBILITY_VERSION = 1;
				DYLIB_CURRENT_VERSION = 1;
				EXECUTABLE_EXTENSION = dylib;
				EXECUTABLE_NAME = stocks;
				FRAMEWORK_SEARCH_PATHS = (
					"$(inherited)",
					"$(DEVELOPER_DIR)/Platforms/iPhoneOS.platform/Developer/SDKs/iPhoneOS.sdk/System/Library/PrivateFrameworks",
				);
				GCC_PRECOMPILE_PREFIX_HEADER = YES;
				GCC_PREFIX_HEADER = "stocks/stocks-Prefix.pch";
				INSTALL_PATH = /var/mobile/Library/Curago/Widgets/com.pigigaldi.stocks;
				PRODUCT_NAME = "$(TARGET_NAME)";
				iOSOpenDevBuildPackageOnAnyBuild = YES;
				iOSOpenDevCopyOnBuild = NO;
				iOSOpenDevDevice = 192.168.0.203;
				iOSOpenDevInstallOnAnyBuild = NO;
				iOSOpenDevInstallOnProfiling = NO;
				iOSOpenDevRespringOnInstall = YES;
				iOSOpenDevUsePackageVersionPList = YES;
			};
			name = Debug;
		};
		124B6BB31B7942E200702AAC /* Release */ = {
			isa = XCBuildConfiguration;
			buildSettings = {
				CODE_SIGN_IDENTITY = "";
				DYLIB_COMPATIBILITY_VERSION = 1;
				DYLIB_CURRENT_VERSION = 1;
				EXECUTABLE_EXTENSION = dylib;
				EXECUTABLE_NAME = stocks;
				FRAMEWORK_SEARCH_PATHS = (
					"$(inherited)",
					"$(DEVELOPER_DIR)/Platforms/iPhoneOS.platform/Developer/SDKs/iPhoneOS.sdk/System/Library/PrivateFrameworks",
				);
				GCC_PRECOMPILE_PREFIX_HEADER = YES;
				GCC_PREFIX_HEADER = "stocks/stocks-Prefix.pch";
				INSTALL_PATH = /var/mobile/Library/Curago/Widgets/com.pigigaldi.stocks;
				PRODUCT_NAME = "$(TARGET_NAME)";
				iOSOpenDevBuildPackageOnAnyBuild = YES;
				iOSOpenDevCopyOnBuild = NO;
				iOSOpenDevDevice = 192.168.0.203;
				iOSOpenDevInstallOnAnyBuild = NO;
				iOSOpenDevInstallOnProfiling = NO;
				iOSOpenDevRespringOnInstall = YES;
				iOSOpenDevUsePackageVersionPList = YES;
			};
			name = Release;
		};
/* End XCBuildConfiguration section */

/* Begin XCConfigurationList section */
		124B6B861B7942E200702AAC /* Build configuration list for PBXProject "stocks" */ = {
			isa = XCConfigurationList;
			buildConfigurations = (
				124B6BAF1B7942E200702AAC /* Debug */,
				124B6BB01B7942E200702AAC /* Release */,
			);
			defaultConfigurationIsVisible = 0;
			defaultConfigurationName = Release;
		};
		124B6BB11B7942E200702AAC /* Build configuration list for PBXNativeTarget "stocks" */ = {
			isa = XCConfigurationList;
			buildConfigurations = (
				124B6BB21B7942E200702AAC /* Debug */,
				124B6BB31B7942E200702AAC /* Release */,
			);
			defaultConfigurationIsVisible = 0;
			defaultConfigurationName = Release;
		};
/* End XCConfigurationList section */
	};
	rootObject = 124B6B831B7942E200702AAC /* Project object */;
}
